{
    __meta__ = {
        version = "1.0"
    },
    ["windows|x64"] = {
        ["cmake#31fecfc4"] = {
            repo = {
                branch = "master",
                commit = "9d4c356d01cffde704062af0af5cf1ceb6c1b626",
                url = "https://gitlab.com/tboox/xmake-repo.git"
            },
            version = "3.24.2"
        },
        ["commonlibsse-ng#2799337f"] = {
            repo = {
                branch = "master",
                commit = "9d4c356d01cffde704062af0af5cf1ceb6c1b626",
                url = "https://gitlab.com/tboox/xmake-repo.git"
            },
            version = "v3.6.0"
        },
        ["fmt#31fecfc4"] = {
            repo = {
                branch = "master",
                commit = "3e164758bfffe51e8747ffe32dfb1ba5b18aa43a",
                url = "https://gitlab.com/tboox/xmake-repo.git"
            },
            version = "9.1.0"
        },
        ["frozen#31fecfc4"] = {
            repo = {
                branch = "master",
                commit = "d1e05c4decec3e4df01918bbe0502c4b703510ec",
                url = "https://gitlab.com/tboox/xmake-repo.git"
            },
            version = "1.1.1"
        },
        ["rapidcsv#31fecfc4"] = {
            repo = {
                branch = "master",
                commit = "3e164758bfffe51e8747ffe32dfb1ba5b18aa43a",
                url = "https://gitlab.com/tboox/xmake-repo.git"
            },
            version = "8.50"
        },
        ["spdlog#c9428c73"] = {
            repo = {
                branch = "master",
                commit = "3e164758bfffe51e8747ffe32dfb1ba5b18aa43a",
                url = "https://gitlab.com/tboox/xmake-repo.git"
            },
            version = "v1.11.0"
        },
        ["toml++#31fecfc4"] = {
            repo = {
                branch = "master",
                commit = "9d4c356d01cffde704062af0af5cf1ceb6c1b626",
                url = "https://gitlab.com/tboox/xmake-repo.git"
            },
            version = "v3.3.0"
        }
    }
}